
Microsoft Visual Studio Solution File, Format Version 12.00
# Visual Studio 15
VisualStudioVersion = 15.0.28010.2046
MinimumVisualStudioVersion = 10.0.40219.1
Project("{FAE04EC0-301F-11D3-BF4B-00C04F79EFBC}") = "CodeGeneration", "CodeGeneration.csproj", "{A2D64E6F-AD50-4887-BA88-28C2F83F72E6}"
EndProject
Global
	GlobalSection(SolutionConfigurationPlatforms) = preSolution
		Debug|Any CPU = Debug|Any CPU
		Release|Any CPU = Release|Any CPU
	EndGlobalSection
	GlobalSection(ProjectConfigurationPlatforms) = postSolution
		{A2D64E6F-AD50-4887-BA88-28C2F83F72E6}.Debug|Any CPU.ActiveCfg = Debug|Any CPU
		{A2D64E6F-AD50-4887-BA88-28C2F83F72E6}.Debug|Any CPU.Build.0 = Debug|Any CPU
		{A2D64E6F-AD50-4887-BA88-28C2F83F72E6}.Release|Any CPU.ActiveCfg = Release|Any CPU
		{A2D64E6F-AD50-4887-BA88-28C2F83F72E6}.Release|Any CPU.Build.0 = Release|Any CPU
	EndGlobalSection
	GlobalSection(SolutionProperties) = preSolution
		HideSolutionNode = FALSE
	EndGlobalSection
	GlobalSection(ExtensibilityGlobals) = postSolution
		SolutionGuid = {71588BFD-39FF-47AB-B5D3-03BA8138F287}
	EndGlobalSection
EndGlobal
